# THIS IS AN AUTOGENERATED FILE. DO NOT EDIT THIS FILE DIRECTLY.
# yarn lockfile v1


chrome-types@^0.1.216:
  version "0.1.216"
  resolved "https://registry.npmmirror.com/chrome-types/-/chrome-types-0.1.216.tgz#f237384bc849bc1b9f110aba866a6d65382adf8f"
  integrity sha512-mQD4Z8ZN7ADTOH0KO80g3KOVU5U4oDnytiKCW138vQ4BqxA4qon4IyTNCs2okUWAMd2gBxIXjYnC0Dl6GoOq9Q==
